
Microsoft Visual Studio Solution File, Format Version 12.00
# Visual Studio 2012
Project("{FAE04EC0-301F-11D3-BF4B-00C04F79EFBC}") = "HelloWorld.StdOut", "HelloWorld.StdOut\HelloWorld.StdOut.csproj", "{5BCEACD4-579A-46A1-B777-2444E3147ACC}"
EndProject
Project("{FAE04EC0-301F-11D3-BF4B-00C04F79EFBC}") = "HelloWorld.Core", "HelloWorld.Core\HelloWorld.Core.csproj", "{C3BE0CE7-6E5D-49A0-97D2-7AF061D9D934}"
EndProject
Project("{FAE04EC0-301F-11D3-BF4B-00C04F79EFBC}") = "HelloWorld.Core.Tests", "HelloWorld.Core.Tests\HelloWorld.Core.Tests.csproj", "{501DF56D-3ECD-4D06-9525-D3D163D8E211}"
EndProject
Project("{FAE04EC0-301F-11D3-BF4B-00C04F79EFBC}") = "HelloWorld.Win", "HelloWorld.Win\HelloWorld.Win.csproj", "{9A4E065D-31B9-445E-83FE-9619C26C23D5}"
EndProject
Project("{FAE04EC0-301F-11D3-BF4B-00C04F79EFBC}") = "HelloWorld.Win.Tests", "HelloWorld.Win.Tests\HelloWorld.Win.Tests.csproj", "{088ADAB6-5784-47B2-A1FA-A8166F67C2C5}"
EndProject
Project("{2150E333-8FDC-42A3-9474-1A3956D46DE8}") = "Tests", "Tests", "{949429D2-DA4B-4599-A8C4-F4D95EC833E5}"
EndProject
Project("{FAE04EC0-301F-11D3-BF4B-00C04F79EFBC}") = "HelloWorld.Wpf", "HelloWorld.Wpf\HelloWorld.Wpf.csproj", "{EB870CC1-881F-476E-A9F9-6C45F47E7DDA}"
EndProject
Global
	GlobalSection(SolutionConfigurationPlatforms) = preSolution
		Debug|Any CPU = Debug|Any CPU
		Release|Any CPU = Release|Any CPU
	EndGlobalSection
	GlobalSection(ProjectConfigurationPlatforms) = postSolution
		{5BCEACD4-579A-46A1-B777-2444E3147ACC}.Debug|Any CPU.ActiveCfg = Debug|Any CPU
		{5BCEACD4-579A-46A1-B777-2444E3147ACC}.Debug|Any CPU.Build.0 = Debug|Any CPU
		{5BCEACD4-579A-46A1-B777-2444E3147ACC}.Release|Any CPU.ActiveCfg = Release|Any CPU
		{5BCEACD4-579A-46A1-B777-2444E3147ACC}.Release|Any CPU.Build.0 = Release|Any CPU
		{C3BE0CE7-6E5D-49A0-97D2-7AF061D9D934}.Debug|Any CPU.ActiveCfg = Debug|Any CPU
		{C3BE0CE7-6E5D-49A0-97D2-7AF061D9D934}.Debug|Any CPU.Build.0 = Debug|Any CPU
		{C3BE0CE7-6E5D-49A0-97D2-7AF061D9D934}.Release|Any CPU.ActiveCfg = Release|Any CPU
		{C3BE0CE7-6E5D-49A0-97D2-7AF061D9D934}.Release|Any CPU.Build.0 = Release|Any CPU
		{501DF56D-3ECD-4D06-9525-D3D163D8E211}.Debug|Any CPU.ActiveCfg = Debug|Any CPU
		{501DF56D-3ECD-4D06-9525-D3D163D8E211}.Debug|Any CPU.Build.0 = Debug|Any CPU
		{501DF56D-3ECD-4D06-9525-D3D163D8E211}.Release|Any CPU.ActiveCfg = Release|Any CPU
		{501DF56D-3ECD-4D06-9525-D3D163D8E211}.Release|Any CPU.Build.0 = Release|Any CPU
		{9A4E065D-31B9-445E-83FE-9619C26C23D5}.Debug|Any CPU.ActiveCfg = Debug|Any CPU
		{9A4E065D-31B9-445E-83FE-9619C26C23D5}.Debug|Any CPU.Build.0 = Debug|Any CPU
		{9A4E065D-31B9-445E-83FE-9619C26C23D5}.Release|Any CPU.ActiveCfg = Release|Any CPU
		{9A4E065D-31B9-445E-83FE-9619C26C23D5}.Release|Any CPU.Build.0 = Release|Any CPU
		{088ADAB6-5784-47B2-A1FA-A8166F67C2C5}.Debug|Any CPU.ActiveCfg = Debug|Any CPU
		{088ADAB6-5784-47B2-A1FA-A8166F67C2C5}.Debug|Any CPU.Build.0 = Debug|Any CPU
		{088ADAB6-5784-47B2-A1FA-A8166F67C2C5}.Release|Any CPU.ActiveCfg = Release|Any CPU
		{088ADAB6-5784-47B2-A1FA-A8166F67C2C5}.Release|Any CPU.Build.0 = Release|Any CPU
		{EB870CC1-881F-476E-A9F9-6C45F47E7DDA}.Debug|Any CPU.ActiveCfg = Debug|Any CPU
		{EB870CC1-881F-476E-A9F9-6C45F47E7DDA}.Debug|Any CPU.Build.0 = Debug|Any CPU
		{EB870CC1-881F-476E-A9F9-6C45F47E7DDA}.Release|Any CPU.ActiveCfg = Release|Any CPU
		{EB870CC1-881F-476E-A9F9-6C45F47E7DDA}.Release|Any CPU.Build.0 = Release|Any CPU
	EndGlobalSection
	GlobalSection(SolutionProperties) = preSolution
		HideSolutionNode = FALSE
	EndGlobalSection
	GlobalSection(NestedProjects) = preSolution
		{088ADAB6-5784-47B2-A1FA-A8166F67C2C5} = {949429D2-DA4B-4599-A8C4-F4D95EC833E5}
		{501DF56D-3ECD-4D06-9525-D3D163D8E211} = {949429D2-DA4B-4599-A8C4-F4D95EC833E5}
	EndGlobalSection
EndGlobal
